
Microsoft Visual Studio Solution File, Format Version 12.00
# Visual Studio Version 17
VisualStudioVersion = 17.1.32319.34
MinimumVisualStudioVersion = 10.0.40219.1
Project("{9A19103F-16F7-4668-BE54-9A1E7A4F7556}") = "LinqToXmlExample", "LinqToXmlExample\LinqToXmlExample.csproj", "{A6A2CAF0-8630-4E51-9235-C3A96021C877}"
EndProject
Project("{9A19103F-16F7-4668-BE54-9A1E7A4F7556}") = "NOLinqToXmlExample", "NoLinqToXmlExample\NOLinqToXmlExample.csproj", "{117EED8F-39AA-4CE5-B0BE-A3AE80F2D415}"
EndProject
Project("{9A19103F-16F7-4668-BE54-9A1E7A4F7556}") = "EFxLinqToXmlExample", "EFxLinqToXmlExample\EFxLinqToXmlExample.csproj", "{53836434-EE82-4CB3-B721-F108C1E6FB3B}"
EndProject
Global
	GlobalSection(SolutionConfigurationPlatforms) = preSolution
		Debug|Any CPU = Debug|Any CPU
		Release|Any CPU = Release|Any CPU
	EndGlobalSection
	GlobalSection(ProjectConfigurationPlatforms) = postSolution
		{A6A2CAF0-8630-4E51-9235-C3A96021C877}.Debug|Any CPU.ActiveCfg = Debug|Any CPU
		{A6A2CAF0-8630-4E51-9235-C3A96021C877}.Debug|Any CPU.Build.0 = Debug|Any CPU
		{A6A2CAF0-8630-4E51-9235-C3A96021C877}.Release|Any CPU.ActiveCfg = Release|Any CPU
		{A6A2CAF0-8630-4E51-9235-C3A96021C877}.Release|Any CPU.Build.0 = Release|Any CPU
		{117EED8F-39AA-4CE5-B0BE-A3AE80F2D415}.Debug|Any CPU.ActiveCfg = Debug|Any CPU
		{117EED8F-39AA-4CE5-B0BE-A3AE80F2D415}.Debug|Any CPU.Build.0 = Debug|Any CPU
		{117EED8F-39AA-4CE5-B0BE-A3AE80F2D415}.Release|Any CPU.ActiveCfg = Release|Any CPU
		{117EED8F-39AA-4CE5-B0BE-A3AE80F2D415}.Release|Any CPU.Build.0 = Release|Any CPU
		{53836434-EE82-4CB3-B721-F108C1E6FB3B}.Debug|Any CPU.ActiveCfg = Debug|Any CPU
		{53836434-EE82-4CB3-B721-F108C1E6FB3B}.Debug|Any CPU.Build.0 = Debug|Any CPU
		{53836434-EE82-4CB3-B721-F108C1E6FB3B}.Release|Any CPU.ActiveCfg = Release|Any CPU
		{53836434-EE82-4CB3-B721-F108C1E6FB3B}.Release|Any CPU.Build.0 = Release|Any CPU
	EndGlobalSection
	GlobalSection(SolutionProperties) = preSolution
		HideSolutionNode = FALSE
	EndGlobalSection
	GlobalSection(ExtensibilityGlobals) = postSolution
		SolutionGuid = {504FD97E-CECA-48DC-AC04-80E638E8FC04}
	EndGlobalSection
EndGlobal
